lockfileVersion: '9.0'

settings:
  autoInstallPeers: true
  excludeLinksFromLockfile: false

importers:

  .:
    dependencies:
      astring:
        specifier: ^1.9.0
        version: 1.9.0
      mime-db:
        specifier: ^1.54.0
        version: 1.54.0
      piglet-contrib:
        specifier: ^0.0.4
        version: 0.0.4
      redis:
        specifier: ^5.6.1
        version: 5.6.1
      source-map:
        specifier: ^0.7.6
        version: 0.7.6
      source-map-generator:
        specifier: ^2.0.1
        version: 2.0.1

packages:

  '@redis/bloom@5.6.1':
    resolution: {integrity: sha512-5/22U76IMEfn6TeZ+uvjXspHw+ykBF0kpBa8xouzeHaQMXs/auqBUOEYzU2VKYDvnd2RSpPTyIg82oB7PpUgLg==}
    engines: {node: '>= 18'}
    peerDependencies:
      '@redis/client': ^5.6.1

  '@redis/client@5.6.1':
    resolution: {integrity: sha512-bWHmSFIJ5w1Y4aHsYs46XMDHKQsBHFRhNcllYaBxz2Zl+lu+gbm5yI9BqxvKh48bLTs/Wx1Kns0gN2WIasE8MA==}
    engines: {node: '>= 18'}

  '@redis/json@5.6.1':
    resolution: {integrity: sha512-cTggVzPIVuiFeXcEcnTRiUzV7rmUvM9KUYxWiHyjsAVACTEUe4ifKkvzrij0H/z3ammU5tfGACffDB3olBwtVA==}
    engines: {node: '>= 18'}
    peerDependencies:
      '@redis/client': ^5.6.1

  '@redis/search@5.6.1':
    resolution: {integrity: sha512-+eOjx8O2YoKygjqkLpTHqcAq0zKLjior+ee2tRBx/3RSf1+OHxiC9Y6NstshQpvB1XHqTw9n7+f0+MsRJZrp0g==}
    engines: {node: '>= 18'}
    peerDependencies:
      '@redis/client': ^5.6.1

  '@redis/time-series@5.6.1':
    resolution: {integrity: sha512-sd3q4jMJdoSO2akw1L9NrdFI1JJ6zeMgMUoTh4a34p9sY3AnOI4aDLCecy8L2IcPAP1oNR3TbLFJiCJDQ35QTA==}
    engines: {node: '>= 18'}
    peerDependencies:
      '@redis/client': ^5.6.1

  astring@1.9.0:
    resolution: {integrity: sha512-LElXdjswlqjWrPpJFg1Fx4wpkOCxj1TDHlSV4PlaRxHGWko024xICaa97ZkMfs6DRKlCguiAI+rbXv5GWwXIkg==}
    hasBin: true

  cluster-key-slot@1.1.2:
    resolution: {integrity: sha512-RMr0FhtfXemyinomL4hrWcYJxmX6deFdCxpJzhDttxgO1+bcCnkk+9drydLVDmAMG7NE6aN/fl4F7ucU/90gAA==}
    engines: {node: '>=0.10.0'}

  mime-db@1.54.0:
    resolution: {integrity: sha512-aU5EJuIN2WDemCcAp2vFBfp/m4EAhWJnUNSSw0ixs7/kXbd6Pg64EmwJkNdFhB8aWt1sH2CTXrLxo/iAGV3oPQ==}
    engines: {node: '>= 0.6'}

  piglet-contrib@0.0.4:
    resolution: {integrity: sha512-Sto34Owg+y073Llb2WUkk8aq1EiCIMirp1rPYh7vO5QD7XP8OCQeyZ2xr558E6U3VJe1RaiUs4VfupX1zWkSBQ==}

  redis@5.6.1:
    resolution: {integrity: sha512-O9DwAvcBm/lrlkGE0A6gNBtUdA8J9oD9njeLYlLzmm+MGTR7nd7VkpspfXqeXFg3gm89zldDqckyaHhXfhY80g==}
    engines: {node: '>= 18'}

  source-map-generator@2.0.1:
    resolution: {integrity: sha512-AtEu86XavXC2HD/bQVQoDbovnTRZE/0QMAAHn6RxALAoLOM3a47IG06TpsJK23BnCmjbTYNLwx2vUhgzRYgGMA==}
    engines: {node: '>=20'}

  source-map@0.7.6:
    resolution: {integrity: sha512-i5uvt8C3ikiWeNZSVZNWcfZPItFQOsYTUAOkcUPGd8DqDy1uOUikjt5dG+uRlwyvR108Fb9DOd4GvXfT0N2/uQ==}
    engines: {node: '>= 12'}

snapshots:

  '@redis/bloom@5.6.1(@redis/client@5.6.1)':
    dependencies:
      '@redis/client': 5.6.1

  '@redis/client@5.6.1':
    dependencies:
      cluster-key-slot: 1.1.2

  '@redis/json@5.6.1(@redis/client@5.6.1)':
    dependencies:
      '@redis/client': 5.6.1

  '@redis/search@5.6.1(@redis/client@5.6.1)':
    dependencies:
      '@redis/client': 5.6.1

  '@redis/time-series@5.6.1(@redis/client@5.6.1)':
    dependencies:
      '@redis/client': 5.6.1

  astring@1.9.0: {}

  cluster-key-slot@1.1.2: {}

  mime-db@1.54.0: {}

  piglet-contrib@0.0.4:
    dependencies:
      mime-db: 1.54.0
      redis: 5.6.1

  redis@5.6.1:
    dependencies:
      '@redis/bloom': 5.6.1(@redis/client@5.6.1)
      '@redis/client': 5.6.1
      '@redis/json': 5.6.1(@redis/client@5.6.1)
      '@redis/search': 5.6.1(@redis/client@5.6.1)
      '@redis/time-series': 5.6.1(@redis/client@5.6.1)

  source-map-generator@2.0.1: {}

  source-map@0.7.6: {}
